hash: 22adc185a970b4674a48545abf75080b837611f7ac89a955cd844d48a5b9cc28
updated: 2016-10-05T08:49:51.670374211+02:00
imports:
- name: github.com/fsouza/go-dockerclient
  version: 6fb38e6bb3d544d7eb5b55fd396cd4e6850802d8
  subpackages:
  - external/github.com/Sirupsen/logrus
  - external/github.com/docker/docker/opts
  - external/github.com/docker/docker/pkg/archive
  - external/github.com/docker/docker/pkg/fileutils
  - external/github.com/docker/docker/pkg/homedir
  - external/github.com/docker/docker/pkg/idtools
  - external/github.com/docker/docker/pkg/ioutils
  - external/github.com/docker/docker/pkg/longpath
  - external/github.com/docker/docker/pkg/pools
  - external/github.com/docker/docker/pkg/promise
  - external/github.com/docker/docker/pkg/stdcopy
  - external/github.com/docker/docker/pkg/system
  - external/github.com/docker/go-units
  - external/github.com/hashicorp/go-cleanhttp
  - external/github.com/opencontainers/runc/libcontainer/user
  - external/golang.org/x/net/context
  - external/golang.org/x/sys/unix
- name: github.com/gizak/termui
  version: 551f2e7b8415377bac28e3001882b94fc625aff2
- name: github.com/mattn/go-runewidth
  version: e882a96ec18dd43fa283187b66af74497c9101c0
- name: github.com/nsf/termbox-go
  version: 3a03cc5db65e659df7bed9a5affa72ded8b31f3d
- name: github.com/ogier/pflag
  version: 6f7159c3154e7cd4ab30f6cc9c58fa3fd0f22325
testImports: []
